
Microsoft Visual Studio Solution File, Format Version 12.00
# Visual Studio Version 17
VisualStudioVersion = 17.13.35919.96 d17.13
MinimumVisualStudioVersion = 10.0.40219.1
Project("{2150E333-8FDC-42A3-9474-1A3956D46DE8}") = "src", "src", "{02EA681E-C7D8-13C7-8484-4AC65E1B71E8}"
EndProject
Project("{2150E333-8FDC-42A3-9474-1A3956D46DE8}") = "tests", "tests", "{3C4FB004-F151-4B5F-BA59-235CDC74C604}"
EndProject
Project("{2150E333-8FDC-42A3-9474-1A3956D46DE8}") = "accounts", "accounts", "{C24395AB-7ED6-4CE0-9CF0-7B94A3ABC49A}"
EndProject
Project("{FAE04EC0-301F-11D3-BF4B-00C04F79EFBC}") = "DevSync.PocPro.Accounts.Api", "accounts\src\DevSync.PocPro.Accounts.Api\DevSync.PocPro.Accounts.Api.csproj", "{B0302CE3-6978-49CF-94ED-C1179BE7D866}"
EndProject
Project("{2150E333-8FDC-42A3-9474-1A3956D46DE8}") = "shared", "shared", "{CE047BC2-4F15-4EC6-86FA-FF6E61A6DA16}"
EndProject
Project("{FAE04EC0-301F-11D3-BF4B-00C04F79EFBC}") = "DevSync.PocPro.Boostrap", "boostraps\DevSync.PocPro.Boostrap\DevSync.PocPro.Boostrap.csproj", "{46AEA38C-9C0F-40D4-A78C-AFDC5F5EB00C}"
EndProject
Project("{FAE04EC0-301F-11D3-BF4B-00C04F79EFBC}") = "DevSync.PocPro.ServiceDiscovery", "boostraps\DevSync.PocPro.ServiceDiscovery\DevSync.PocPro.ServiceDiscovery.csproj", "{7B6D499C-8272-4948-8B06-2930FE7F663E}"
EndProject
Project("{2150E333-8FDC-42A3-9474-1A3956D46DE8}") = "boostraps", "boostraps", "{F8B5A478-9599-4690-ADB9-F5BB226DE871}"
EndProject
Project("{FAE04EC0-301F-11D3-BF4B-00C04F79EFBC}") = "DevSync.PocPro.Shared.Domain", "shared\DevSync.PocPro.Shared.Domain\DevSync.PocPro.Shared.Domain.csproj", "{840C0D4A-350E-4EE6-B751-5D4F21D9FA81}"
EndProject
Global
	GlobalSection(SolutionConfigurationPlatforms) = preSolution
		Debug|Any CPU = Debug|Any CPU
		Release|Any CPU = Release|Any CPU
	EndGlobalSection
	GlobalSection(ProjectConfigurationPlatforms) = postSolution
		{B0302CE3-6978-49CF-94ED-C1179BE7D866}.Debug|Any CPU.ActiveCfg = Debug|Any CPU
		{B0302CE3-6978-49CF-94ED-C1179BE7D866}.Debug|Any CPU.Build.0 = Debug|Any CPU
		{B0302CE3-6978-49CF-94ED-C1179BE7D866}.Release|Any CPU.ActiveCfg = Release|Any CPU
		{B0302CE3-6978-49CF-94ED-C1179BE7D866}.Release|Any CPU.Build.0 = Release|Any CPU
		{46AEA38C-9C0F-40D4-A78C-AFDC5F5EB00C}.Debug|Any CPU.ActiveCfg = Debug|Any CPU
		{46AEA38C-9C0F-40D4-A78C-AFDC5F5EB00C}.Debug|Any CPU.Build.0 = Debug|Any CPU
		{46AEA38C-9C0F-40D4-A78C-AFDC5F5EB00C}.Release|Any CPU.ActiveCfg = Release|Any CPU
		{46AEA38C-9C0F-40D4-A78C-AFDC5F5EB00C}.Release|Any CPU.Build.0 = Release|Any CPU
		{7B6D499C-8272-4948-8B06-2930FE7F663E}.Debug|Any CPU.ActiveCfg = Debug|Any CPU
		{7B6D499C-8272-4948-8B06-2930FE7F663E}.Debug|Any CPU.Build.0 = Debug|Any CPU
		{7B6D499C-8272-4948-8B06-2930FE7F663E}.Release|Any CPU.ActiveCfg = Release|Any CPU
		{7B6D499C-8272-4948-8B06-2930FE7F663E}.Release|Any CPU.Build.0 = Release|Any CPU
		{840C0D4A-350E-4EE6-B751-5D4F21D9FA81}.Debug|Any CPU.ActiveCfg = Debug|Any CPU
		{840C0D4A-350E-4EE6-B751-5D4F21D9FA81}.Debug|Any CPU.Build.0 = Debug|Any CPU
		{840C0D4A-350E-4EE6-B751-5D4F21D9FA81}.Release|Any CPU.ActiveCfg = Release|Any CPU
		{840C0D4A-350E-4EE6-B751-5D4F21D9FA81}.Release|Any CPU.Build.0 = Release|Any CPU
	EndGlobalSection
	GlobalSection(SolutionProperties) = preSolution
		HideSolutionNode = FALSE
	EndGlobalSection
	GlobalSection(NestedProjects) = preSolution
		{02EA681E-C7D8-13C7-8484-4AC65E1B71E8} = {C24395AB-7ED6-4CE0-9CF0-7B94A3ABC49A}
		{3C4FB004-F151-4B5F-BA59-235CDC74C604} = {C24395AB-7ED6-4CE0-9CF0-7B94A3ABC49A}
		{B0302CE3-6978-49CF-94ED-C1179BE7D866} = {02EA681E-C7D8-13C7-8484-4AC65E1B71E8}
		{46AEA38C-9C0F-40D4-A78C-AFDC5F5EB00C} = {F8B5A478-9599-4690-ADB9-F5BB226DE871}
		{7B6D499C-8272-4948-8B06-2930FE7F663E} = {F8B5A478-9599-4690-ADB9-F5BB226DE871}
		{840C0D4A-350E-4EE6-B751-5D4F21D9FA81} = {CE047BC2-4F15-4EC6-86FA-FF6E61A6DA16}
	EndGlobalSection
	GlobalSection(ExtensibilityGlobals) = postSolution
		SolutionGuid = {243A9E10-3E89-43E9-9C1A-5221DD820C72}
	EndGlobalSection
EndGlobal
