
Microsoft Visual Studio Solution File, Format Version 12.00
# Visual Studio Version 17
VisualStudioVersion = 17.13.35919.96 d17.13
MinimumVisualStudioVersion = 10.0.40219.1
Project("{2150E333-8FDC-42A3-9474-1A3956D46DE8}") = "src", "src", "{02EA681E-C7D8-13C7-8484-4AC65E1B71E8}"
EndProject
Project("{2150E333-8FDC-42A3-9474-1A3956D46DE8}") = "tests", "tests", "{3C4FB004-F151-4B5F-BA59-235CDC74C604}"
EndProject
Project("{2150E333-8FDC-42A3-9474-1A3956D46DE8}") = "accounts", "accounts", "{C24395AB-7ED6-4CE0-9CF0-7B94A3ABC49A}"
EndProject
Project("{FAE04EC0-301F-11D3-BF4B-00C04F79EFBC}") = "DevSync.PocPro.Accounts.Api", "accounts\src\DevSync.PocPro.Accounts.Api\DevSync.PocPro.Accounts.Api.csproj", "{B0302CE3-6978-49CF-94ED-C1179BE7D866}"
EndProject
Project("{2150E333-8FDC-42A3-9474-1A3956D46DE8}") = "shared", "shared", "{CE047BC2-4F15-4EC6-86FA-FF6E61A6DA16}"
EndProject
Project("{FAE04EC0-301F-11D3-BF4B-00C04F79EFBC}") = "DevSync.PocPro.Boostrap", "boostraps\DevSync.PocPro.Boostrap\DevSync.PocPro.Boostrap.csproj", "{46AEA38C-9C0F-40D4-A78C-AFDC5F5EB00C}"
EndProject
Project("{FAE04EC0-301F-11D3-BF4B-00C04F79EFBC}") = "DevSync.PocPro.ServiceDiscovery", "boostraps\DevSync.PocPro.ServiceDiscovery\DevSync.PocPro.ServiceDiscovery.csproj", "{7B6D499C-8272-4948-8B06-2930FE7F663E}"
EndProject
Project("{2150E333-8FDC-42A3-9474-1A3956D46DE8}") = "boostraps", "boostraps", "{F8B5A478-9599-4690-ADB9-F5BB226DE871}"
EndProject
Project("{FAE04EC0-301F-11D3-BF4B-00C04F79EFBC}") = "DevSync.PocPro.Shared.Domain", "shared\DevSync.PocPro.Shared.Domain\DevSync.PocPro.Shared.Domain.csproj", "{840C0D4A-350E-4EE6-B751-5D4F21D9FA81}"
EndProject
Project("{2150E333-8FDC-42A3-9474-1A3956D46DE8}") = "shops", "shops", "{950FDF3E-FF84-45A3-A9E8-DC2397ABE526}"
EndProject
Project("{2150E333-8FDC-42A3-9474-1A3956D46DE8}") = "shared", "shared", "{4AF55281-50A4-426C-930F-8614A9426F68}"
EndProject
Project("{2150E333-8FDC-42A3-9474-1A3956D46DE8}") = "stocks", "stocks", "{DFF735F4-9506-4E33-BF2C-5E05512D6472}"
EndProject
Project("{2150E333-8FDC-42A3-9474-1A3956D46DE8}") = "pointofsales", "pointofsales", "{F8618855-3671-4A0E-9858-6FE5A858C513}"
EndProject
Project("{2150E333-8FDC-42A3-9474-1A3956D46DE8}") = "orders", "orders", "{78D8F30B-D370-4993-B4C0-20394F72F833}"
EndProject
Project("{FAE04EC0-301F-11D3-BF4B-00C04F79EFBC}") = "DevSync.PocPro.Shops.StocksModule", "shops\stocks\DevSync.PocPro.Shops.StocksModule\DevSync.PocPro.Shops.StocksModule.csproj", "{7375A89C-EF41-4A37-84D4-2F263D1FA1B3}"
EndProject
Project("{FAE04EC0-301F-11D3-BF4B-00C04F79EFBC}") = "DevSync.PocPro.Shops.Shared", "shops\shared\DevSync.PocPro.Shops.Shared\DevSync.PocPro.Shops.Shared.csproj", "{75B354F0-5D79-45CF-AEA7-13CA507098DA}"
EndProject
Project("{FAE04EC0-301F-11D3-BF4B-00C04F79EFBC}") = "DevSync.PocPro.Shops.Api", "shops\DevSync.PocPro.Shops.Api\DevSync.PocPro.Shops.Api.csproj", "{46D234A1-E542-4BFC-BCB6-97593DD92B97}"
EndProject
Project("{2150E333-8FDC-42A3-9474-1A3956D46DE8}") = "gateway", "gateway", "{FC8051FC-B83E-4A3C-8308-DFEF48DD0287}"
EndProject
Project("{FAE04EC0-301F-11D3-BF4B-00C04F79EFBC}") = "DevSync.PocPro.Shops.PointOfSalesModule", "shops\pointofsales\DevSync.PocPro.Shops.PointOfSalesModule\DevSync.PocPro.Shops.PointOfSalesModule.csproj", "{41BCE10F-8C99-40EB-8802-B023462A31A6}"
EndProject
Project("{FAE04EC0-301F-11D3-BF4B-00C04F79EFBC}") = "DevSync.PocPro.Shops.OrdersModule", "shops\orders\DevSync.PocPro.Shops.OrdersModule\DevSync.PocPro.Shops.OrdersModule.csproj", "{59FC0101-B31D-4F9B-A04A-E920C2D89CDE}"
EndProject
Project("{FAE04EC0-301F-11D3-BF4B-00C04F79EFBC}") = "DevSync.PocPro.Gateway", "gateway\DevSync.PocPro.Gateway\DevSync.PocPro.Gateway.csproj", "{76BD9D47-B68A-4FAE-935B-FD3687F799A0}"
EndProject
Global
	GlobalSection(SolutionConfigurationPlatforms) = preSolution
		Debug|Any CPU = Debug|Any CPU
		Release|Any CPU = Release|Any CPU
	EndGlobalSection
	GlobalSection(ProjectConfigurationPlatforms) = postSolution
		{B0302CE3-6978-49CF-94ED-C1179BE7D866}.Debug|Any CPU.ActiveCfg = Debug|Any CPU
		{B0302CE3-6978-49CF-94ED-C1179BE7D866}.Debug|Any CPU.Build.0 = Debug|Any CPU
		{B0302CE3-6978-49CF-94ED-C1179BE7D866}.Release|Any CPU.ActiveCfg = Release|Any CPU
		{B0302CE3-6978-49CF-94ED-C1179BE7D866}.Release|Any CPU.Build.0 = Release|Any CPU
		{46AEA38C-9C0F-40D4-A78C-AFDC5F5EB00C}.Debug|Any CPU.ActiveCfg = Debug|Any CPU
		{46AEA38C-9C0F-40D4-A78C-AFDC5F5EB00C}.Debug|Any CPU.Build.0 = Debug|Any CPU
		{46AEA38C-9C0F-40D4-A78C-AFDC5F5EB00C}.Release|Any CPU.ActiveCfg = Release|Any CPU
		{46AEA38C-9C0F-40D4-A78C-AFDC5F5EB00C}.Release|Any CPU.Build.0 = Release|Any CPU
		{7B6D499C-8272-4948-8B06-2930FE7F663E}.Debug|Any CPU.ActiveCfg = Debug|Any CPU
		{7B6D499C-8272-4948-8B06-2930FE7F663E}.Debug|Any CPU.Build.0 = Debug|Any CPU
		{7B6D499C-8272-4948-8B06-2930FE7F663E}.Release|Any CPU.ActiveCfg = Release|Any CPU
		{7B6D499C-8272-4948-8B06-2930FE7F663E}.Release|Any CPU.Build.0 = Release|Any CPU
		{840C0D4A-350E-4EE6-B751-5D4F21D9FA81}.Debug|Any CPU.ActiveCfg = Debug|Any CPU
		{840C0D4A-350E-4EE6-B751-5D4F21D9FA81}.Debug|Any CPU.Build.0 = Debug|Any CPU
		{840C0D4A-350E-4EE6-B751-5D4F21D9FA81}.Release|Any CPU.ActiveCfg = Release|Any CPU
		{840C0D4A-350E-4EE6-B751-5D4F21D9FA81}.Release|Any CPU.Build.0 = Release|Any CPU
		{7375A89C-EF41-4A37-84D4-2F263D1FA1B3}.Debug|Any CPU.ActiveCfg = Debug|Any CPU
		{7375A89C-EF41-4A37-84D4-2F263D1FA1B3}.Debug|Any CPU.Build.0 = Debug|Any CPU
		{7375A89C-EF41-4A37-84D4-2F263D1FA1B3}.Release|Any CPU.ActiveCfg = Release|Any CPU
		{7375A89C-EF41-4A37-84D4-2F263D1FA1B3}.Release|Any CPU.Build.0 = Release|Any CPU
		{75B354F0-5D79-45CF-AEA7-13CA507098DA}.Debug|Any CPU.ActiveCfg = Debug|Any CPU
		{75B354F0-5D79-45CF-AEA7-13CA507098DA}.Debug|Any CPU.Build.0 = Debug|Any CPU
		{75B354F0-5D79-45CF-AEA7-13CA507098DA}.Release|Any CPU.ActiveCfg = Release|Any CPU
		{75B354F0-5D79-45CF-AEA7-13CA507098DA}.Release|Any CPU.Build.0 = Release|Any CPU
		{46D234A1-E542-4BFC-BCB6-97593DD92B97}.Debug|Any CPU.ActiveCfg = Debug|Any CPU
		{46D234A1-E542-4BFC-BCB6-97593DD92B97}.Debug|Any CPU.Build.0 = Debug|Any CPU
		{46D234A1-E542-4BFC-BCB6-97593DD92B97}.Release|Any CPU.ActiveCfg = Release|Any CPU
		{46D234A1-E542-4BFC-BCB6-97593DD92B97}.Release|Any CPU.Build.0 = Release|Any CPU
		{41BCE10F-8C99-40EB-8802-B023462A31A6}.Debug|Any CPU.ActiveCfg = Debug|Any CPU
		{41BCE10F-8C99-40EB-8802-B023462A31A6}.Debug|Any CPU.Build.0 = Debug|Any CPU
		{41BCE10F-8C99-40EB-8802-B023462A31A6}.Release|Any CPU.ActiveCfg = Release|Any CPU
		{41BCE10F-8C99-40EB-8802-B023462A31A6}.Release|Any CPU.Build.0 = Release|Any CPU
		{59FC0101-B31D-4F9B-A04A-E920C2D89CDE}.Debug|Any CPU.ActiveCfg = Debug|Any CPU
		{59FC0101-B31D-4F9B-A04A-E920C2D89CDE}.Debug|Any CPU.Build.0 = Debug|Any CPU
		{59FC0101-B31D-4F9B-A04A-E920C2D89CDE}.Release|Any CPU.ActiveCfg = Release|Any CPU
		{59FC0101-B31D-4F9B-A04A-E920C2D89CDE}.Release|Any CPU.Build.0 = Release|Any CPU
		{76BD9D47-B68A-4FAE-935B-FD3687F799A0}.Debug|Any CPU.ActiveCfg = Debug|Any CPU
		{76BD9D47-B68A-4FAE-935B-FD3687F799A0}.Debug|Any CPU.Build.0 = Debug|Any CPU
		{76BD9D47-B68A-4FAE-935B-FD3687F799A0}.Release|Any CPU.ActiveCfg = Release|Any CPU
		{76BD9D47-B68A-4FAE-935B-FD3687F799A0}.Release|Any CPU.Build.0 = Release|Any CPU
	EndGlobalSection
	GlobalSection(SolutionProperties) = preSolution
		HideSolutionNode = FALSE
	EndGlobalSection
	GlobalSection(NestedProjects) = preSolution
		{02EA681E-C7D8-13C7-8484-4AC65E1B71E8} = {C24395AB-7ED6-4CE0-9CF0-7B94A3ABC49A}
		{3C4FB004-F151-4B5F-BA59-235CDC74C604} = {C24395AB-7ED6-4CE0-9CF0-7B94A3ABC49A}
		{B0302CE3-6978-49CF-94ED-C1179BE7D866} = {02EA681E-C7D8-13C7-8484-4AC65E1B71E8}
		{46AEA38C-9C0F-40D4-A78C-AFDC5F5EB00C} = {F8B5A478-9599-4690-ADB9-F5BB226DE871}
		{7B6D499C-8272-4948-8B06-2930FE7F663E} = {F8B5A478-9599-4690-ADB9-F5BB226DE871}
		{840C0D4A-350E-4EE6-B751-5D4F21D9FA81} = {CE047BC2-4F15-4EC6-86FA-FF6E61A6DA16}
		{4AF55281-50A4-426C-930F-8614A9426F68} = {950FDF3E-FF84-45A3-A9E8-DC2397ABE526}
		{DFF735F4-9506-4E33-BF2C-5E05512D6472} = {950FDF3E-FF84-45A3-A9E8-DC2397ABE526}
		{F8618855-3671-4A0E-9858-6FE5A858C513} = {950FDF3E-FF84-45A3-A9E8-DC2397ABE526}
		{78D8F30B-D370-4993-B4C0-20394F72F833} = {950FDF3E-FF84-45A3-A9E8-DC2397ABE526}
		{7375A89C-EF41-4A37-84D4-2F263D1FA1B3} = {DFF735F4-9506-4E33-BF2C-5E05512D6472}
		{75B354F0-5D79-45CF-AEA7-13CA507098DA} = {4AF55281-50A4-426C-930F-8614A9426F68}
		{46D234A1-E542-4BFC-BCB6-97593DD92B97} = {950FDF3E-FF84-45A3-A9E8-DC2397ABE526}
		{41BCE10F-8C99-40EB-8802-B023462A31A6} = {F8618855-3671-4A0E-9858-6FE5A858C513}
		{59FC0101-B31D-4F9B-A04A-E920C2D89CDE} = {78D8F30B-D370-4993-B4C0-20394F72F833}
		{76BD9D47-B68A-4FAE-935B-FD3687F799A0} = {FC8051FC-B83E-4A3C-8308-DFEF48DD0287}
	EndGlobalSection
	GlobalSection(ExtensibilityGlobals) = postSolution
		SolutionGuid = {243A9E10-3E89-43E9-9C1A-5221DD820C72}
	EndGlobalSection
EndGlobal
